PODS:
  - CoordiNode (1.1.1)
  - CoordiNodeTestComponents (1.1.1):
    - CoordiNode (= 1.1.1)
  - Kingfisher (7.5.0)
  - Nimble (11.2.1)
  - Quick (6.1.0)
  - ReachabilitySwift (5.0.0)
  - Shared (1.1.8)
  - SharedTestComponents (1.1.8):
    - Shared (= 1.1.8)
  - SkeletonView (1.30.4)
  - SnapKit (5.6.0)
  - SwiftDux (1.1.6)
  - SwiftDuxTestComponents (1.1.6):
    - SwiftDux (= 1.1.6)
  - Swifter (1.5.0)

DEPENDENCIES:
  - CoordiNode (from `https://github.com/jpeckner/CoordiNode.git`, branch `master`)
  - CoordiNodeTestComponents (from `https://github.com/jpeckner/CoordiNode.git`, branch `master`)
  - Kingfisher
  - Nimble
  - Quick
  - ReachabilitySwift
  - Shared (from `https://github.com/jpeckner/Shared.git`, branch `master`)
  - SharedTestComponents (from `https://github.com/jpeckner/Shared.git`, branch `master`)
  - SkeletonView
  - SnapKit
  - SwiftDux (from `https://github.com/jpeckner/SwiftDux.git`, branch `master`)
  - SwiftDuxTestComponents (from `https://github.com/jpeckner/SwiftDux.git`, branch `master`)
  - Swifter

SPEC REPOS:
  trunk:
    - Kingfisher
    - Nimble
    - Quick
    - ReachabilitySwift
    - SkeletonView
    - SnapKit
    - Swifter

EXTERNAL SOURCES:
  CoordiNode:
    :branch: master
    :git: https://github.com/jpeckner/CoordiNode.git
  CoordiNodeTestComponents:
    :branch: master
    :git: https://github.com/jpeckner/CoordiNode.git
  Shared:
    :branch: master
    :git: https://github.com/jpeckner/Shared.git
  SharedTestComponents:
    :branch: master
    :git: https://github.com/jpeckner/Shared.git
  SwiftDux:
    :branch: master
    :git: https://github.com/jpeckner/SwiftDux.git
  SwiftDuxTestComponents:
    :branch: master
    :git: https://github.com/jpeckner/SwiftDux.git

CHECKOUT OPTIONS:
  CoordiNode:
    :commit: 478749a8134c2f4888498c257215a51c5876cbed
    :git: https://github.com/jpeckner/CoordiNode.git
  CoordiNodeTestComponents:
    :commit: 478749a8134c2f4888498c257215a51c5876cbed
    :git: https://github.com/jpeckner/CoordiNode.git
  Shared:
    :commit: 7e55642e9f1c568b9e82b83485791c43c68c559a
    :git: https://github.com/jpeckner/Shared.git
  SharedTestComponents:
    :commit: 7e55642e9f1c568b9e82b83485791c43c68c559a
    :git: https://github.com/jpeckner/Shared.git
  SwiftDux:
    :commit: d7be2c47c89cd916493a34840eaf5d8b2a3edc45
    :git: https://github.com/jpeckner/SwiftDux.git
  SwiftDuxTestComponents:
    :commit: d7be2c47c89cd916493a34840eaf5d8b2a3edc45
    :git: https://github.com/jpeckner/SwiftDux.git

SPEC CHECKSUMS:
  CoordiNode: a814d1db0482fa5a2ba1777cb82d947c326cc369
  CoordiNodeTestComponents: b1f9da3a3537d7e4adc75e6b3c60b8aee6d79ee5
  Kingfisher: b9c2a4a4af2990a768445c277359b27bde287d71
  Nimble: 516ac503a0fafaa8e41dbb4a70a61be421fa893a
  Quick: 6676ffb409bf04abba2ff23902af2407bfc6ac90
  ReachabilitySwift: 985039c6f7b23a1da463388634119492ff86c825
  Shared: 30273025c28410f5bc3639db07512a0a636e6813
  SharedTestComponents: 81bbd2bd024c07278e299544a7b726d68a10a3e5
  SkeletonView: 5a050f6411e697abd4cda0a8d767013399dccd69
  SnapKit: e01d52ebb8ddbc333eefe2132acf85c8227d9c25
  SwiftDux: fe3e9c5ba3084335d984858e3480bce2463521c3
  SwiftDuxTestComponents: 1dafabf892f54fa36f6d3e9e8197157c0ca1f3f2
  Swifter: e71dd674404923d7f03ebb03f3f222d1c570bc8e

PODFILE CHECKSUM: cfc8498b0a0450a93dbf4e630666049806050d93

COCOAPODS: 1.11.3
