PODS:
  - CoordiNode (1.1.1)
  - CoordiNodeTestComponents (1.1.1):
    - CoordiNode (= 1.1.1)
  - SwiftDux (1.1.6)
  - SwiftDuxTestComponents (1.1.6):
    - SwiftDux (= 1.1.6)

DEPENDENCIES:
  - CoordiNode (from `https://github.com/jpeckner/CoordiNode.git`, branch `develop`)
  - CoordiNodeTestComponents (from `https://github.com/jpeckner/CoordiNode.git`, branch `develop`)
  - SwiftDux (from `https://github.com/jpeckner/SwiftDux.git`, branch `develop`)
  - SwiftDuxTestComponents (from `https://github.com/jpeckner/SwiftDux.git`, branch `develop`)

EXTERNAL SOURCES:
  CoordiNode:
    :branch: develop
    :git: https://github.com/jpeckner/CoordiNode.git
  CoordiNodeTestComponents:
    :branch: develop
    :git: https://github.com/jpeckner/CoordiNode.git
  SwiftDux:
    :branch: develop
    :git: https://github.com/jpeckner/SwiftDux.git
  SwiftDuxTestComponents:
    :branch: develop
    :git: https://github.com/jpeckner/SwiftDux.git

CHECKOUT OPTIONS:
  CoordiNode:
    :commit: 04c4bd916b55917b1874d5f78e69d30d39155689
    :git: https://github.com/jpeckner/CoordiNode.git
  CoordiNodeTestComponents:
    :commit: 04c4bd916b55917b1874d5f78e69d30d39155689
    :git: https://github.com/jpeckner/CoordiNode.git
  SwiftDux:
    :commit: 4a55c1319de65055fff6bd886e50e2fc4a36486b
    :git: https://github.com/jpeckner/SwiftDux.git
  SwiftDuxTestComponents:
    :commit: 4a55c1319de65055fff6bd886e50e2fc4a36486b
    :git: https://github.com/jpeckner/SwiftDux.git

SPEC CHECKSUMS:
  CoordiNode: a814d1db0482fa5a2ba1777cb82d947c326cc369
  CoordiNodeTestComponents: b1f9da3a3537d7e4adc75e6b3c60b8aee6d79ee5
  SwiftDux: fe3e9c5ba3084335d984858e3480bce2463521c3
  SwiftDuxTestComponents: 1dafabf892f54fa36f6d3e9e8197157c0ca1f3f2

PODFILE CHECKSUM: 193df68d86426fac283e53c4b8dd5dac7451d225

COCOAPODS: 1.16.2
