PODS:
  - CoordiNode (1.1.1)
  - CoordiNodeTestComponents (1.1.1):
    - CoordiNode (= 1.1.1)
  - Kingfisher (7.5.0)
  - Nimble (11.2.1)
  - Quick (6.1.0)
  - ReachabilitySwift (5.0.0)
  - Shared (1.1.8)
  - SharedTestComponents (1.1.8):
    - Shared (= 1.1.8)
  - SkeletonView (1.30.4)
  - SnapKit (5.6.0)
  - SwiftDux (1.1.6)
  - SwiftDuxTestComponents (1.1.6):
    - SwiftDux (= 1.1.6)
  - Swifter (1.5.0)

DEPENDENCIES:
  - CoordiNode (from `https://github.com/jpeckner/CoordiNode.git`, branch `develop`)
  - CoordiNodeTestComponents (from `https://github.com/jpeckner/CoordiNode.git`, branch `develop`)
  - Kingfisher
  - Nimble
  - Quick
  - ReachabilitySwift
  - Shared (from `https://github.com/jpeckner/Shared.git`, branch `develop`)
  - SharedTestComponents (from `https://github.com/jpeckner/Shared.git`, branch `develop`)
  - SkeletonView
  - SnapKit
  - SwiftDux (from `https://github.com/jpeckner/SwiftDux.git`, branch `develop`)
  - SwiftDuxTestComponents (from `https://github.com/jpeckner/SwiftDux.git`, branch `develop`)
  - Swifter

SPEC REPOS:
  trunk:
    - Kingfisher
    - Nimble
    - Quick
    - ReachabilitySwift
    - SkeletonView
    - SnapKit
    - Swifter

EXTERNAL SOURCES:
  CoordiNode:
    :branch: develop
    :git: https://github.com/jpeckner/CoordiNode.git
  CoordiNodeTestComponents:
    :branch: develop
    :git: https://github.com/jpeckner/CoordiNode.git
  Shared:
    :branch: develop
    :git: https://github.com/jpeckner/Shared.git
  SharedTestComponents:
    :branch: develop
    :git: https://github.com/jpeckner/Shared.git
  SwiftDux:
    :branch: develop
    :git: https://github.com/jpeckner/SwiftDux.git
  SwiftDuxTestComponents:
    :branch: develop
    :git: https://github.com/jpeckner/SwiftDux.git

CHECKOUT OPTIONS:
  CoordiNode:
    :commit: 67ead5d20a1ee156573832c67758da857a48fe16
    :git: https://github.com/jpeckner/CoordiNode.git
  CoordiNodeTestComponents:
    :commit: 67ead5d20a1ee156573832c67758da857a48fe16
    :git: https://github.com/jpeckner/CoordiNode.git
  Shared:
    :commit: 9973842235ec46a228c62c0b43b9112bf66ddc1e
    :git: https://github.com/jpeckner/Shared.git
  SharedTestComponents:
    :commit: 9973842235ec46a228c62c0b43b9112bf66ddc1e
    :git: https://github.com/jpeckner/Shared.git
  SwiftDux:
    :commit: 8c20ca612311be505620cb6e94dafec835bca017
    :git: https://github.com/jpeckner/SwiftDux.git
  SwiftDuxTestComponents:
    :commit: 8c20ca612311be505620cb6e94dafec835bca017
    :git: https://github.com/jpeckner/SwiftDux.git

SPEC CHECKSUMS:
  CoordiNode: a814d1db0482fa5a2ba1777cb82d947c326cc369
  CoordiNodeTestComponents: b1f9da3a3537d7e4adc75e6b3c60b8aee6d79ee5
  Kingfisher: b9c2a4a4af2990a768445c277359b27bde287d71
  Nimble: 516ac503a0fafaa8e41dbb4a70a61be421fa893a
  Quick: 6676ffb409bf04abba2ff23902af2407bfc6ac90
  ReachabilitySwift: 985039c6f7b23a1da463388634119492ff86c825
  Shared: c38157cd542c241e331e6c149af96fa58c0bb2b4
  SharedTestComponents: 06972ad043fc9feca9bf0e9ff35b77a6073db953
  SkeletonView: 5a050f6411e697abd4cda0a8d767013399dccd69
  SnapKit: e01d52ebb8ddbc333eefe2132acf85c8227d9c25
  SwiftDux: fe3e9c5ba3084335d984858e3480bce2463521c3
  SwiftDuxTestComponents: 1dafabf892f54fa36f6d3e9e8197157c0ca1f3f2
  Swifter: e71dd674404923d7f03ebb03f3f222d1c570bc8e

PODFILE CHECKSUM: 59ff99ba52f13ce92ebd9eba697179f10d232fae

COCOAPODS: 1.11.3
